
Microsoft Visual Studio Solution File, Format Version 12.00
# Visual Studio Version 17
VisualStudioVersion = 17.5.33414.496
MinimumVisualStudioVersion = 10.0.40219.1
Project("{FAE04EC0-301F-11D3-BF4B-00C04F79EFBC}") = "Exercises", "Exercises\Exercises.csproj", "{045F549B-24D7-4EC1-A9B1-189855A792F2}"
EndProject
Global
	GlobalSection(SolutionConfigurationPlatforms) = preSolution
		Debug|Any CPU = Debug|Any CPU
		Release|Any CPU = Release|Any CPU
	EndGlobalSection
	GlobalSection(ProjectConfigurationPlatforms) = postSolution
		{045F549B-24D7-4EC1-A9B1-189855A792F2}.Debug|Any CPU.ActiveCfg = Debug|Any CPU
		{045F549B-24D7-4EC1-A9B1-189855A792F2}.Debug|Any CPU.Build.0 = Debug|Any CPU
		{045F549B-24D7-4EC1-A9B1-189855A792F2}.Release|Any CPU.ActiveCfg = Release|Any CPU
		{045F549B-24D7-4EC1-A9B1-189855A792F2}.Release|Any CPU.Build.0 = Release|Any CPU
	EndGlobalSection
	GlobalSection(SolutionProperties) = preSolution
		HideSolutionNode = FALSE
	EndGlobalSection
	GlobalSection(ExtensibilityGlobals) = postSolution
		SolutionGuid = {C3510ADF-F74F-4AF8-8DB1-B9EF150C4B2D}
	EndGlobalSection
EndGlobal
